
Microsoft Visual Studio Solution File, Format Version 12.00
# Visual Studio Version 16
VisualStudioVersion = 16.0.29728.190
MinimumVisualStudioVersion = 10.0.40219.1
Project("{FAE04EC0-301F-11D3-BF4B-00C04F79EFBC}") = "WebApplicationProjectUI", "WebApplicationProject\WebApplicationProjectUI.csproj", "{B9174392-96DA-48C5-9E05-B30DF578719A}"
EndProject
Project("{FAE04EC0-301F-11D3-BF4B-00C04F79EFBC}") = "WebApplicationProjectData", "WebApplicationProjectData\WebApplicationProjectData.csproj", "{8961E5AC-42AB-43C9-880A-7C3D3304FE08}"
EndProject
Global
	GlobalSection(SolutionConfigurationPlatforms) = preSolution
		Debug|Any CPU = Debug|Any CPU
		Release|Any CPU = Release|Any CPU
	EndGlobalSection
	GlobalSection(ProjectConfigurationPlatforms) = postSolution
		{B9174392-96DA-48C5-9E05-B30DF578719A}.Debug|Any CPU.ActiveCfg = Debug|Any CPU
		{B9174392-96DA-48C5-9E05-B30DF578719A}.Debug|Any CPU.Build.0 = Debug|Any CPU
		{B9174392-96DA-48C5-9E05-B30DF578719A}.Release|Any CPU.ActiveCfg = Release|Any CPU
		{B9174392-96DA-48C5-9E05-B30DF578719A}.Release|Any CPU.Build.0 = Release|Any CPU
		{8961E5AC-42AB-43C9-880A-7C3D3304FE08}.Debug|Any CPU.ActiveCfg = Debug|Any CPU
		{8961E5AC-42AB-43C9-880A-7C3D3304FE08}.Debug|Any CPU.Build.0 = Debug|Any CPU
		{8961E5AC-42AB-43C9-880A-7C3D3304FE08}.Release|Any CPU.ActiveCfg = Release|Any CPU
		{8961E5AC-42AB-43C9-880A-7C3D3304FE08}.Release|Any CPU.Build.0 = Release|Any CPU
	EndGlobalSection
	GlobalSection(SolutionProperties) = preSolution
		HideSolutionNode = FALSE
	EndGlobalSection
	GlobalSection(ExtensibilityGlobals) = postSolution
		SolutionGuid = {B0EEB810-B0D5-415B-B697-D50F70CEC6E5}
	EndGlobalSection
EndGlobal
