
Microsoft Visual Studio Solution File, Format Version 12.00
# Visual Studio Version 16
VisualStudioVersion = 16.0.29728.190
MinimumVisualStudioVersion = 10.0.40219.1
Project("{FAE04EC0-301F-11D3-BF4B-00C04F79EFBC}") = "ExtensionMethods", "ExtensionMethods\ExtensionMethods.csproj", "{A127ED02-57E6-42BD-81BB-43F32EDA16A6}"
EndProject
Global
	GlobalSection(SolutionConfigurationPlatforms) = preSolution
		Debug|Any CPU = Debug|Any CPU
		Release|Any CPU = Release|Any CPU
	EndGlobalSection
	GlobalSection(ProjectConfigurationPlatforms) = postSolution
		{A127ED02-57E6-42BD-81BB-43F32EDA16A6}.Debug|Any CPU.ActiveCfg = Debug|Any CPU
		{A127ED02-57E6-42BD-81BB-43F32EDA16A6}.Debug|Any CPU.Build.0 = Debug|Any CPU
		{A127ED02-57E6-42BD-81BB-43F32EDA16A6}.Release|Any CPU.ActiveCfg = Release|Any CPU
		{A127ED02-57E6-42BD-81BB-43F32EDA16A6}.Release|Any CPU.Build.0 = Release|Any CPU
	EndGlobalSection
	GlobalSection(SolutionProperties) = preSolution
		HideSolutionNode = FALSE
	EndGlobalSection
	GlobalSection(ExtensibilityGlobals) = postSolution
		SolutionGuid = {4936801B-8040-4765-9A7C-3BDF829F10E1}
	EndGlobalSection
EndGlobal
