
Microsoft Visual Studio Solution File, Format Version 12.00
# Visual Studio Version 16
VisualStudioVersion = 16.0.29728.190
MinimumVisualStudioVersion = 10.0.40219.1
Project("{FAE04EC0-301F-11D3-BF4B-00C04F79EFBC}") = "Delegates", "Delegates\Delegates.csproj", "{A3A56B28-842F-45F3-8598-F6A97BF88A1D}"
EndProject
Global
	GlobalSection(SolutionConfigurationPlatforms) = preSolution
		Debug|Any CPU = Debug|Any CPU
		Release|Any CPU = Release|Any CPU
	EndGlobalSection
	GlobalSection(ProjectConfigurationPlatforms) = postSolution
		{A3A56B28-842F-45F3-8598-F6A97BF88A1D}.Debug|Any CPU.ActiveCfg = Debug|Any CPU
		{A3A56B28-842F-45F3-8598-F6A97BF88A1D}.Debug|Any CPU.Build.0 = Debug|Any CPU
		{A3A56B28-842F-45F3-8598-F6A97BF88A1D}.Release|Any CPU.ActiveCfg = Release|Any CPU
		{A3A56B28-842F-45F3-8598-F6A97BF88A1D}.Release|Any CPU.Build.0 = Release|Any CPU
	EndGlobalSection
	GlobalSection(SolutionProperties) = preSolution
		HideSolutionNode = FALSE
	EndGlobalSection
	GlobalSection(ExtensibilityGlobals) = postSolution
		SolutionGuid = {4328C9A0-DD33-4B12-AA17-F1C96C13AD0A}
	EndGlobalSection
EndGlobal
